github.com/karrick/godirwalk v1.12.0 h1:nkS4xxsjiZMvVlazd0mFyiwD4BR9f3m6LXGhM2TUx3Y=
github.com/karrick/godirwalk v1.12.0/go.mod h1:H5KPZjojv4lE+QYImBI8xVtrBRgYrIVsaRPx4tDPEn4=
github.com/mattn/go-runewidth v0.0.9 h1:Lm995f3rfxdpd6TSmuVCHVb/QhupuXlYr8sCI/QdE+0=
github.com/mattn/go-runewidth v0.0.9/go.mod h1:H031xJmbD/WCDINGzjvQ9THkh0rPKHF+m2gUSrubnMI=
github.com/olekukonko/tablewriter v0.0.5 h1:P2Ga83D34wi1o9J6Wh1mRuqd4mF/x/lgBS7N7AbDhec=
github.com/olekukonko/tablewriter v0.0.5/go.mod h1:hPp6KlRPjbx+hW8ykQs1w3UBbZlj6HuIJcUGPhkA7kY=
github.com/pkg/errors v0.8.1 h1:iURUrRGxPUNPdy5/HRSm+Yj6okJ6UtLINN0Q9M4+h3I=
github.com/pkg/errors v0.8.1/go.mod h1:bwawxfHBFNV+L2hUp1rHADufV3IMtnDRdf1r5NINEl0=
github.com/uudashr/gopkgs/v2 v2.1.2 h1:A0+QH6wqNRHORJnxmqfeuBEsK4nYQ7pgcOHhqpqcrpo=
github.com/uudashr/gopkgs/v2 v2.1.2/go.mod h1:O9VKOuPWrUpVhaxcg7N3QiTrlDhgJb/84Y7b3qaX1rI=
